
Microsoft Visual Studio Solution File, Format Version 12.00
# Visual Studio Version 17
VisualStudioVersion = 17.6.33829.357
MinimumVisualStudioVersion = 10.0.40219.1
Project("{2150E333-8FDC-42A3-9474-1A3956D46DE8}") = "Core", "Core", "{AF24ED99-13D3-4766-813A-699EBEE95674}"
EndProject
Project("{9A19103F-16F7-4668-BE54-9A1E7A4F7556}") = "SRP.Domain", "SRP.Domain\SRP.Domain.csproj", "{64179B02-54BF-4659-B36A-1AFFF4F1FEBE}"
EndProject
Project("{2150E333-8FDC-42A3-9474-1A3956D46DE8}") = "src", "src", "{A4612F27-B525-4E1E-8E2E-90AB39D35EE6}"
EndProject
Project("{2150E333-8FDC-42A3-9474-1A3956D46DE8}") = "Infrastructure", "Infrastructure", "{2C4297ED-FD02-4216-BA9C-7A2FED98EC49}"
EndProject
Project("{9A19103F-16F7-4668-BE54-9A1E7A4F7556}") = "SRP.Infrastructure", "SRP.Infrastructure\SRP.Infrastructure.csproj", "{041A204A-0FE1-4763-B3E0-F43AE1DD0EE8}"
EndProject
Project("{9A19103F-16F7-4668-BE54-9A1E7A4F7556}") = "SRP.Application", "SRP.Application\SRP.Application.csproj", "{6C21E170-EB50-484A-8BCD-C83A9EB046BF}"
EndProject
Project("{2150E333-8FDC-42A3-9474-1A3956D46DE8}") = "API", "API", "{54DA9868-BFA1-4512-9D9B-285968789181}"
EndProject
Project("{9A19103F-16F7-4668-BE54-9A1E7A4F7556}") = "SRP.Persistence", "SRP.Persistence\SRP.Persistence.csproj", "{EDBFF2AE-537C-489D-8EF6-858ECF2ABCBD}"
EndProject
Project("{9A19103F-16F7-4668-BE54-9A1E7A4F7556}") = "SRP.API", "SRP.API\SRP.API.csproj", "{A5A6E06D-8BE1-49A8-A11E-8D8D29A9AB40}"
EndProject
Project("{2150E333-8FDC-42A3-9474-1A3956D46DE8}") = "UI", "UI", "{366EF9CD-F6C8-4903-9B32-3BB5A17080C6}"
EndProject
Project("{9A19103F-16F7-4668-BE54-9A1E7A4F7556}") = "SRP.Web", "SRP.Web\SRP.Web.csproj", "{B93D6B8D-47F7-4052-8270-D7CA82F29B9C}"
EndProject
Project("{FAE04EC0-301F-11D3-BF4B-00C04F79EFBC}") = "SRP.SharedKernel", "SRP.SharedKernel\SRP.SharedKernel.csproj", "{33E1004C-0189-4440-AE31-49B6738396D2}"
EndProject
Global
	GlobalSection(SolutionConfigurationPlatforms) = preSolution
		Debug|Any CPU = Debug|Any CPU
		Release|Any CPU = Release|Any CPU
	EndGlobalSection
	GlobalSection(ProjectConfigurationPlatforms) = postSolution
		{64179B02-54BF-4659-B36A-1AFFF4F1FEBE}.Debug|Any CPU.ActiveCfg = Debug|Any CPU
		{64179B02-54BF-4659-B36A-1AFFF4F1FEBE}.Debug|Any CPU.Build.0 = Debug|Any CPU
		{64179B02-54BF-4659-B36A-1AFFF4F1FEBE}.Release|Any CPU.ActiveCfg = Release|Any CPU
		{64179B02-54BF-4659-B36A-1AFFF4F1FEBE}.Release|Any CPU.Build.0 = Release|Any CPU
		{041A204A-0FE1-4763-B3E0-F43AE1DD0EE8}.Debug|Any CPU.ActiveCfg = Debug|Any CPU
		{041A204A-0FE1-4763-B3E0-F43AE1DD0EE8}.Debug|Any CPU.Build.0 = Debug|Any CPU
		{041A204A-0FE1-4763-B3E0-F43AE1DD0EE8}.Release|Any CPU.ActiveCfg = Release|Any CPU
		{041A204A-0FE1-4763-B3E0-F43AE1DD0EE8}.Release|Any CPU.Build.0 = Release|Any CPU
		{6C21E170-EB50-484A-8BCD-C83A9EB046BF}.Debug|Any CPU.ActiveCfg = Debug|Any CPU
		{6C21E170-EB50-484A-8BCD-C83A9EB046BF}.Debug|Any CPU.Build.0 = Debug|Any CPU
		{6C21E170-EB50-484A-8BCD-C83A9EB046BF}.Release|Any CPU.ActiveCfg = Release|Any CPU
		{6C21E170-EB50-484A-8BCD-C83A9EB046BF}.Release|Any CPU.Build.0 = Release|Any CPU
		{EDBFF2AE-537C-489D-8EF6-858ECF2ABCBD}.Debug|Any CPU.ActiveCfg = Debug|Any CPU
		{EDBFF2AE-537C-489D-8EF6-858ECF2ABCBD}.Debug|Any CPU.Build.0 = Debug|Any CPU
		{EDBFF2AE-537C-489D-8EF6-858ECF2ABCBD}.Release|Any CPU.ActiveCfg = Release|Any CPU
		{EDBFF2AE-537C-489D-8EF6-858ECF2ABCBD}.Release|Any CPU.Build.0 = Release|Any CPU
		{A5A6E06D-8BE1-49A8-A11E-8D8D29A9AB40}.Debug|Any CPU.ActiveCfg = Debug|Any CPU
		{A5A6E06D-8BE1-49A8-A11E-8D8D29A9AB40}.Debug|Any CPU.Build.0 = Debug|Any CPU
		{A5A6E06D-8BE1-49A8-A11E-8D8D29A9AB40}.Release|Any CPU.ActiveCfg = Release|Any CPU
		{A5A6E06D-8BE1-49A8-A11E-8D8D29A9AB40}.Release|Any CPU.Build.0 = Release|Any CPU
		{B93D6B8D-47F7-4052-8270-D7CA82F29B9C}.Debug|Any CPU.ActiveCfg = Debug|Any CPU
		{B93D6B8D-47F7-4052-8270-D7CA82F29B9C}.Debug|Any CPU.Build.0 = Debug|Any CPU
		{B93D6B8D-47F7-4052-8270-D7CA82F29B9C}.Release|Any CPU.ActiveCfg = Release|Any CPU
		{B93D6B8D-47F7-4052-8270-D7CA82F29B9C}.Release|Any CPU.Build.0 = Release|Any CPU
		{33E1004C-0189-4440-AE31-49B6738396D2}.Debug|Any CPU.ActiveCfg = Debug|Any CPU
		{33E1004C-0189-4440-AE31-49B6738396D2}.Debug|Any CPU.Build.0 = Debug|Any CPU
		{33E1004C-0189-4440-AE31-49B6738396D2}.Release|Any CPU.ActiveCfg = Release|Any CPU
		{33E1004C-0189-4440-AE31-49B6738396D2}.Release|Any CPU.Build.0 = Release|Any CPU
	EndGlobalSection
	GlobalSection(SolutionProperties) = preSolution
		HideSolutionNode = FALSE
	EndGlobalSection
	GlobalSection(NestedProjects) = preSolution
		{AF24ED99-13D3-4766-813A-699EBEE95674} = {A4612F27-B525-4E1E-8E2E-90AB39D35EE6}
		{64179B02-54BF-4659-B36A-1AFFF4F1FEBE} = {AF24ED99-13D3-4766-813A-699EBEE95674}
		{2C4297ED-FD02-4216-BA9C-7A2FED98EC49} = {A4612F27-B525-4E1E-8E2E-90AB39D35EE6}
		{041A204A-0FE1-4763-B3E0-F43AE1DD0EE8} = {2C4297ED-FD02-4216-BA9C-7A2FED98EC49}
		{6C21E170-EB50-484A-8BCD-C83A9EB046BF} = {AF24ED99-13D3-4766-813A-699EBEE95674}
		{54DA9868-BFA1-4512-9D9B-285968789181} = {A4612F27-B525-4E1E-8E2E-90AB39D35EE6}
		{EDBFF2AE-537C-489D-8EF6-858ECF2ABCBD} = {2C4297ED-FD02-4216-BA9C-7A2FED98EC49}
		{A5A6E06D-8BE1-49A8-A11E-8D8D29A9AB40} = {54DA9868-BFA1-4512-9D9B-285968789181}
		{366EF9CD-F6C8-4903-9B32-3BB5A17080C6} = {A4612F27-B525-4E1E-8E2E-90AB39D35EE6}
		{B93D6B8D-47F7-4052-8270-D7CA82F29B9C} = {366EF9CD-F6C8-4903-9B32-3BB5A17080C6}
		{33E1004C-0189-4440-AE31-49B6738396D2} = {AF24ED99-13D3-4766-813A-699EBEE95674}
	EndGlobalSection
	GlobalSection(ExtensibilityGlobals) = postSolution
		SolutionGuid = {C46DA4D3-76AF-4E9C-89A3-CD3B42C21057}
	EndGlobalSection
EndGlobal
